PODS:
  - Rich (0.1.0)
  - Yoga (1.6.0)
  - YogaKit (1.6.0):
    - Yoga (~> 1.6)

DEPENDENCIES:
  - Rich (from `../`)
  - YogaKit

EXTERNAL SOURCES:
  Rich:
    :path: ../

SPEC CHECKSUMS:
  Rich: 7752c0d77cca95dfc554cd468e326304a481626d
  Yoga: 81670877477311136b1b3f69a6307ce62e1c89cf
  YogaKit: 8fe0ddd21673226c0b6077fc3ad5c8fa6cda722e

PODFILE CHECKSUM: 104e4b69b6b53ca2848c6dbd75969f1da8962537

COCOAPODS: 1.3.1
